
Microsoft Visual Studio Solution File, Format Version 12.00
# Visual Studio 14
VisualStudioVersion = 14.0.25420.1
MinimumVisualStudioVersion = 10.0.40219.1
Project("{FAE04EC0-301F-11D3-BF4B-00C04F79EFBC}") = "AgilentN6841A", "AgilentN6841A\AgilentN6841A.csproj", "{944800FD-863D-4EBC-A054-5AB7098008A8}"
EndProject
Project("{FAE04EC0-301F-11D3-BF4B-00C04F79EFBC}") = "Preselctor", "Preselctor\Preselctor.csproj", "{F43826CD-0717-4674-83B9-2423B6464836}"
EndProject
Project("{FAE04EC0-301F-11D3-BF4B-00C04F79EFBC}") = "Logging", "Logging\Logging.csproj", "{6E3A2D10-F2B3-45A8-AB5B-C86C79919047}"
EndProject
Global
	GlobalSection(SolutionConfigurationPlatforms) = preSolution
		Debug|Any CPU = Debug|Any CPU
		Release|Any CPU = Release|Any CPU
	EndGlobalSection
	GlobalSection(ProjectConfigurationPlatforms) = postSolution
		{944800FD-863D-4EBC-A054-5AB7098008A8}.Debug|Any CPU.ActiveCfg = Debug|Any CPU
		{944800FD-863D-4EBC-A054-5AB7098008A8}.Debug|Any CPU.Build.0 = Debug|Any CPU
		{944800FD-863D-4EBC-A054-5AB7098008A8}.Release|Any CPU.ActiveCfg = Release|Any CPU
		{944800FD-863D-4EBC-A054-5AB7098008A8}.Release|Any CPU.Build.0 = Release|Any CPU
		{F43826CD-0717-4674-83B9-2423B6464836}.Debug|Any CPU.ActiveCfg = Debug|Any CPU
		{F43826CD-0717-4674-83B9-2423B6464836}.Debug|Any CPU.Build.0 = Debug|Any CPU
		{F43826CD-0717-4674-83B9-2423B6464836}.Release|Any CPU.ActiveCfg = Release|Any CPU
		{F43826CD-0717-4674-83B9-2423B6464836}.Release|Any CPU.Build.0 = Release|Any CPU
		{6E3A2D10-F2B3-45A8-AB5B-C86C79919047}.Debug|Any CPU.ActiveCfg = Debug|Any CPU
		{6E3A2D10-F2B3-45A8-AB5B-C86C79919047}.Debug|Any CPU.Build.0 = Debug|Any CPU
		{6E3A2D10-F2B3-45A8-AB5B-C86C79919047}.Release|Any CPU.ActiveCfg = Release|Any CPU
		{6E3A2D10-F2B3-45A8-AB5B-C86C79919047}.Release|Any CPU.Build.0 = Release|Any CPU
	EndGlobalSection
	GlobalSection(SolutionProperties) = preSolution
		HideSolutionNode = FALSE
	EndGlobalSection
EndGlobal
